
Microsoft Visual Studio Solution File, Format Version 12.00
# Visual Studio Version 16
VisualStudioVersion = 16.0.30204.135
MinimumVisualStudioVersion = 10.0.40219.1
Project("{FAE04EC0-301F-11D3-BF4B-00C04F79EFBC}") = "OOP_Game", "OOP_Game\OOP_Game.csproj", "{3C406212-1CD4-4DA1-AF73-2C221A6B0B8C}"
EndProject
Global
	GlobalSection(SolutionConfigurationPlatforms) = preSolution
		Debug|Any CPU = Debug|Any CPU
		Release|Any CPU = Release|Any CPU
	EndGlobalSection
	GlobalSection(ProjectConfigurationPlatforms) = postSolution
		{3C406212-1CD4-4DA1-AF73-2C221A6B0B8C}.Debug|Any CPU.ActiveCfg = Debug|Any CPU
		{3C406212-1CD4-4DA1-AF73-2C221A6B0B8C}.Debug|Any CPU.Build.0 = Debug|Any CPU
		{3C406212-1CD4-4DA1-AF73-2C221A6B0B8C}.Release|Any CPU.ActiveCfg = Release|Any CPU
		{3C406212-1CD4-4DA1-AF73-2C221A6B0B8C}.Release|Any CPU.Build.0 = Release|Any CPU
	EndGlobalSection
	GlobalSection(SolutionProperties) = preSolution
		HideSolutionNode = FALSE
	EndGlobalSection
	GlobalSection(ExtensibilityGlobals) = postSolution
		SolutionGuid = {86865EBF-7B00-475F-9552-81230B92CF7E}
	EndGlobalSection
EndGlobal
